
Microsoft Visual Studio Solution File, Format Version 12.00
# Visual Studio Version 17
VisualStudioVersion = 17.0.31903.59
MinimumVisualStudioVersion = 10.0.40219.1
Project("{FAE04EC0-301F-11D3-BF4B-00C04F79EFBC}") = "BookmarksApi", "BookmarksApi\BookmarksApi.csproj", "{742D7EE5-CEBC-4E51-AED8-79D2CF0EA742}"
EndProject
Project("{FAE04EC0-301F-11D3-BF4B-00C04F79EFBC}") = "BookmarksApi.Tests", "BookmarksApi.Tests\BookmarksApi.Tests.csproj", "{1A475BC4-D6F2-49A2-A458-68C468025C59}"
EndProject
Global
	GlobalSection(SolutionConfigurationPlatforms) = preSolution
		Debug|Any CPU = Debug|Any CPU
		Release|Any CPU = Release|Any CPU
	EndGlobalSection
	GlobalSection(SolutionProperties) = preSolution
		HideSolutionNode = FALSE
	EndGlobalSection
	GlobalSection(ProjectConfigurationPlatforms) = postSolution
		{742D7EE5-CEBC-4E51-AED8-79D2CF0EA742}.Debug|Any CPU.ActiveCfg = Debug|Any CPU
		{742D7EE5-CEBC-4E51-AED8-79D2CF0EA742}.Debug|Any CPU.Build.0 = Debug|Any CPU
		{742D7EE5-CEBC-4E51-AED8-79D2CF0EA742}.Release|Any CPU.ActiveCfg = Release|Any CPU
		{742D7EE5-CEBC-4E51-AED8-79D2CF0EA742}.Release|Any CPU.Build.0 = Release|Any CPU
		{1A475BC4-D6F2-49A2-A458-68C468025C59}.Debug|Any CPU.ActiveCfg = Debug|Any CPU
		{1A475BC4-D6F2-49A2-A458-68C468025C59}.Debug|Any CPU.Build.0 = Debug|Any CPU
		{1A475BC4-D6F2-49A2-A458-68C468025C59}.Release|Any CPU.ActiveCfg = Release|Any CPU
		{1A475BC4-D6F2-49A2-A458-68C468025C59}.Release|Any CPU.Build.0 = Release|Any CPU
	EndGlobalSection
EndGlobal
